
Microsoft Visual Studio Solution File, Format Version 12.00
# Visual Studio 14
VisualStudioVersion = 14.0.25420.1
MinimumVisualStudioVersion = 10.0.40219.1
Project("{2150E333-8FDC-42A3-9474-1A3956D46DE8}") = "Solution Items", "Solution Items", "{46D2DF55-694E-4068-9FB0-C217873A5C55}"
	ProjectSection(SolutionItems) = preProject
		.editorconfig = .editorconfig
		.gitignore = .gitignore
		.travis.yml = .travis.yml
		appveyor.yml = appveyor.yml
		default.nix = default.nix
		License.md = License.md
		Readme.md = Readme.md
	EndProjectSection
EndProject
Project("{FAE04EC0-301F-11D3-BF4B-00C04F79EFBC}") = "TankDriver.App", "TankDriver.App\TankDriver.App.csproj", "{2E1023FD-AE4E-4C32-AE6C-55B788ECBE7E}"
EndProject
Global
	GlobalSection(SolutionConfigurationPlatforms) = preSolution
		Debug|x86 = Debug|x86
		Release|x86 = Release|x86
	EndGlobalSection
	GlobalSection(ProjectConfigurationPlatforms) = postSolution
		{2E1023FD-AE4E-4C32-AE6C-55B788ECBE7E}.Debug|x86.ActiveCfg = Debug|x86
		{2E1023FD-AE4E-4C32-AE6C-55B788ECBE7E}.Debug|x86.Build.0 = Debug|x86
		{2E1023FD-AE4E-4C32-AE6C-55B788ECBE7E}.Release|x86.ActiveCfg = Release|x86
		{2E1023FD-AE4E-4C32-AE6C-55B788ECBE7E}.Release|x86.Build.0 = Release|x86
	EndGlobalSection
	GlobalSection(SolutionProperties) = preSolution
		HideSolutionNode = FALSE
	EndGlobalSection
EndGlobal
